{
  "requires": true,
  "lockfileVersion": 1,
  "dependencies": {
    "@escook/request-miniprogram": {
      "version": "0.2.1",
      "resolved": "https://registry.npmjs.org/@escook/request-miniprogram/-/request-miniprogram-0.2.1.tgz",
      "integrity": "sha512-ueWV5YsaEm/ycQZuEjMiA88GFMhfBQSjy9GrP9omy4xAQajkGTbYIlnhzsDfWzRPmRC1fKmAiKMrCVcgS+SHcQ=="
    },
    "stickyfilljs": {
      "version": "2.1.0",
      "resolved": "https://registry.nlark.com/stickyfilljs/download/stickyfilljs-2.1.0.tgz",
      "integrity": "sha1-Rtq7WZ2CddGFvbl9tZf4ai46+ns="
    }
  }
}
